
Microsoft Visual Studio Solution File, Format Version 12.00
# Visual Studio Version 16
VisualStudioVersion = 16.0.34601.136
MinimumVisualStudioVersion = 10.0.40219.1
Project("{FAE04EC0-301F-11D3-BF4B-00C04F79EFBC}") = "Blazor_WAS", "Blazor_WAS\Blazor_WAS.csproj", "{45F6799E-57F2-4244-B1A1-76C78AD5835E}"
EndProject
Global
	GlobalSection(SolutionConfigurationPlatforms) = preSolution
		Debug|Any CPU = Debug|Any CPU
		Release|Any CPU = Release|Any CPU
	EndGlobalSection
	GlobalSection(ProjectConfigurationPlatforms) = postSolution
		{45F6799E-57F2-4244-B1A1-76C78AD5835E}.Debug|Any CPU.ActiveCfg = Debug|Any CPU
		{45F6799E-57F2-4244-B1A1-76C78AD5835E}.Debug|Any CPU.Build.0 = Debug|Any CPU
		{45F6799E-57F2-4244-B1A1-76C78AD5835E}.Release|Any CPU.ActiveCfg = Release|Any CPU
		{45F6799E-57F2-4244-B1A1-76C78AD5835E}.Release|Any CPU.Build.0 = Release|Any CPU
	EndGlobalSection
	GlobalSection(SolutionProperties) = preSolution
		HideSolutionNode = FALSE
	EndGlobalSection
	GlobalSection(ExtensibilityGlobals) = postSolution
		SolutionGuid = {C8A85DBA-8AE7-40F0-B7CA-C6B9DD174FFF}
	EndGlobalSection
EndGlobal
